
Microsoft Visual Studio Solution File, Format Version 12.00
# Visual Studio 2013
VisualStudioVersion = 12.0.30501.0
MinimumVisualStudioVersion = 10.0.40219.1
Project("{FAE04EC0-301F-11D3-BF4B-00C04F79EFBC}") = "Scalc", "Scalc\Scalc.csproj", "{86F29528-A13A-46B0-8379-0F53F5C13C4D}"
EndProject
Project("{FAE04EC0-301F-11D3-BF4B-00C04F79EFBC}") = "StringCalculator.UnitSpecs", "StringCalculator.UnitSpecs\StringCalculator.UnitSpecs.csproj", "{AF25BA3E-35A7-4478-ACFB-96C9F5F8D7A0}"
EndProject
Project("{2150E333-8FDC-42A3-9474-1A3956D46DE8}") = "Specs", "Specs", "{1112F8C7-BC71-401B-ADEC-0862D1114ABF}"
EndProject
Project("{FAE04EC0-301F-11D3-BF4B-00C04F79EFBC}") = "StringCalculator.Core", "StringCalculator.Core\StringCalculator.Core.csproj", "{5A7B6793-589C-42E9-A8CB-5D763D1E8450}"
EndProject
Global
	GlobalSection(CodealikeProperties) = postSolution
		SolutionGuid = 7863d8d0-e2e6-4416-a882-c1937eecbcc9
	EndGlobalSection
	GlobalSection(SolutionConfigurationPlatforms) = preSolution
		Debug|Any CPU = Debug|Any CPU
		Release|Any CPU = Release|Any CPU
	EndGlobalSection
	GlobalSection(ProjectConfigurationPlatforms) = postSolution
		{86F29528-A13A-46B0-8379-0F53F5C13C4D}.Debug|Any CPU.ActiveCfg = Debug|Any CPU
		{86F29528-A13A-46B0-8379-0F53F5C13C4D}.Debug|Any CPU.Build.0 = Debug|Any CPU
		{86F29528-A13A-46B0-8379-0F53F5C13C4D}.Release|Any CPU.ActiveCfg = Release|Any CPU
		{86F29528-A13A-46B0-8379-0F53F5C13C4D}.Release|Any CPU.Build.0 = Release|Any CPU
		{AF25BA3E-35A7-4478-ACFB-96C9F5F8D7A0}.Debug|Any CPU.ActiveCfg = Debug|Any CPU
		{AF25BA3E-35A7-4478-ACFB-96C9F5F8D7A0}.Debug|Any CPU.Build.0 = Debug|Any CPU
		{AF25BA3E-35A7-4478-ACFB-96C9F5F8D7A0}.Release|Any CPU.ActiveCfg = Release|Any CPU
		{AF25BA3E-35A7-4478-ACFB-96C9F5F8D7A0}.Release|Any CPU.Build.0 = Release|Any CPU
		{5A7B6793-589C-42E9-A8CB-5D763D1E8450}.Debug|Any CPU.ActiveCfg = Debug|Any CPU
		{5A7B6793-589C-42E9-A8CB-5D763D1E8450}.Debug|Any CPU.Build.0 = Debug|Any CPU
		{5A7B6793-589C-42E9-A8CB-5D763D1E8450}.Release|Any CPU.ActiveCfg = Release|Any CPU
		{5A7B6793-589C-42E9-A8CB-5D763D1E8450}.Release|Any CPU.Build.0 = Release|Any CPU
	EndGlobalSection
	GlobalSection(SolutionProperties) = preSolution
		HideSolutionNode = FALSE
	EndGlobalSection
	GlobalSection(NestedProjects) = preSolution
		{AF25BA3E-35A7-4478-ACFB-96C9F5F8D7A0} = {1112F8C7-BC71-401B-ADEC-0862D1114ABF}
	EndGlobalSection
EndGlobal
